// !$*UTF8*$!
{
	archiveVersion = 1;
	classes = {
	};
	objectVersion = 56;
	objects = {

/* Begin PBXBuildFile section */
		E54131E62BE98D1000F6F9EB /* StatsView.swift in Sources */ = {isa = PBXBuildFile; fileRef = E54131E52BE98D1000F6F9EB /* StatsView.swift */; };
		E54131E82BE98F0600F6F9EB /* StatsPageView.swift in Sources */ = {isa = PBXBuildFile; fileRef = E54131E72BE98F0600F6F9EB /* StatsPageView.swift */; };
		E57094DA2BAE4C79003813F4 /* GameOverConfirmView.swift in Sources */ = {isa = PBXBuildFile; fileRef = E57094D92BAE4C78003813F4 /* GameOverConfirmView.swift */; };
		E5B9D06E2C2A08C900FA566D /* all_letters.txt in Resources */ = {isa = PBXBuildFile; fileRef = E5B9D06D2C2A08C800FA566D /* all_letters.txt */; };
		E5B9D0702C2A094B00FA566D /* all_pangrams.txt in Resources */ = {isa = PBXBuildFile; fileRef = E5B9D06F2C2A094B00FA566D /* all_pangrams.txt */; };
		E5B9D0722C2A0E3E00FA566D /* NoHintsMessage.swift in Sources */ = {isa = PBXBuildFile; fileRef = E5B9D0712C2A0E3E00FA566D /* NoHintsMessage.swift */; };
		E5B9D0742C2A16FC00FA566D /* scrapeArchive.py in Resources */ = {isa = PBXBuildFile; fileRef = E5B9D0732C2A16FC00FA566D /* scrapeArchive.py */; };
		E5BD35902B7D5D6000659541 /* SpeedBeeApp.swift in Sources */ = {isa = PBXBuildFile; fileRef = E5BD358F2B7D5D6000659541 /* SpeedBeeApp.swift */; };
		E5BD35922B7D5D6000659541 /* ContentView.swift in Sources */ = {isa = PBXBuildFile; fileRef = E5BD35912B7D5D6000659541 /* ContentView.swift */; };
		E5BD35942B7D5D6300659541 /* Assets.xcassets in Resources */ = {isa = PBXBuildFile; fileRef = E5BD35932B7D5D6300659541 /* Assets.xcassets */; };
		E5BD35972B7D5D6300659541 /* Preview Assets.xcassets in Resources */ = {isa = PBXBuildFile; fileRef = E5BD35962B7D5D6300659541 /* Preview Assets.xcassets */; };
		E5BD35A02B7D6A8300659541 /* Statistic.swift in Sources */ = {isa = PBXBuildFile; fileRef = E5BD359F2B7D6A8300659541 /* Statistic.swift */; };
		E5BD35A42B7D6ACB00659541 /* SpeedBeeDataModel.swift in Sources */ = {isa = PBXBuildFile; fileRef = E5BD35A32B7D6ACB00659541 /* SpeedBeeDataModel.swift */; };
		E5BD35A62B7D6B2D00659541 /* HomeView.swift in Sources */ = {isa = PBXBuildFile; fileRef = E5BD35A52B7D6B2D00659541 /* HomeView.swift */; };
		E5BD35A82B7D6C0300659541 /* OptionsView.swift in Sources */ = {isa = PBXBuildFile; fileRef = E5BD35A72B7D6C0300659541 /* OptionsView.swift */; };
		E5BD35AA2B7D6C7F00659541 /* HowToPlayView.swift in Sources */ = {isa = PBXBuildFile; fileRef = E5BD35A92B7D6C7F00659541 /* HowToPlayView.swift */; };
		E5BD35AC2B7D6C8F00659541 /* SettingsView.swift in Sources */ = {isa = PBXBuildFile; fileRef = E5BD35AB2B7D6C8F00659541 /* SettingsView.swift */; };
		E5BD35AE2B7D705C00659541 /* ChooseLevelView.swift in Sources */ = {isa = PBXBuildFile; fileRef = E5BD35AD2B7D705C00659541 /* ChooseLevelView.swift */; };
		E5BD35B02B7D723300659541 /* NavView.swift in Sources */ = {isa = PBXBuildFile; fileRef = E5BD35AF2B7D723300659541 /* NavView.swift */; };
		E5BD35B42B7D725800659541 /* SpellingView.swift in Sources */ = {isa = PBXBuildFile; fileRef = E5BD35B32B7D725800659541 /* SpellingView.swift */; };
		E5BD35B62B7D7EE600659541 /* StatsPlaqueView.swift in Sources */ = {isa = PBXBuildFile; fileRef = E5BD35B52B7D7EE600659541 /* StatsPlaqueView.swift */; };
		E5BD35B82B7D7F8C00659541 /* WordsFoundView.swift in Sources */ = {isa = PBXBuildFile; fileRef = E5BD35B72B7D7F8C00659541 /* WordsFoundView.swift */; };
		E5BD35BA2B7D7FAA00659541 /* TopMenuView.swift in Sources */ = {isa = PBXBuildFile; fileRef = E5BD35B92B7D7FAA00659541 /* TopMenuView.swift */; };
		E5BD35BC2B7D7FCE00659541 /* TimerHintsView.swift in Sources */ = {isa = PBXBuildFile; fileRef = E5BD35BB2B7D7FCE00659541 /* TimerHintsView.swift */; };
		E5BD35BE2B7D90EE00659541 /* KeyboardView.swift in Sources */ = {isa = PBXBuildFile; fileRef = E5BD35BD2B7D90EE00659541 /* KeyboardView.swift */; };
		E5BD35C02B7D936400659541 /* ComplimentView.swift in Sources */ = {isa = PBXBuildFile; fileRef = E5BD35BF2B7D936400659541 /* ComplimentView.swift */; };
		E5E2F49B2B7ED4C100C9F140 /* ErrorMessage.swift in Sources */ = {isa = PBXBuildFile; fileRef = E5E2F49A2B7ED4C100C9F140 /* ErrorMessage.swift */; };
		E5E2F49D2B7ED60600C9F140 /* PauseView.swift in Sources */ = {isa = PBXBuildFile; fileRef = E5E2F49C2B7ED60600C9F140 /* PauseView.swift */; };
		E5E2F49F2B7EDF4000C9F140 /* EndgameView.swift in Sources */ = {isa = PBXBuildFile; fileRef = E5E2F49E2B7EDF4000C9F140 /* EndgameView.swift */; };
		E5E2F4A12B81537800C9F140 /* Launch Screen.storyboard in Resources */ = {isa = PBXBuildFile; fileRef = E5E2F4A02B81537800C9F140 /* Launch Screen.storyboard */; };
/* End PBXBuildFile section */

/* Begin PBXFileReference section */
		E54131E52BE98D1000F6F9EB /* StatsView.swift */ = {isa = PBXFileReference; lastKnownFileType = sourcecode.swift; path = StatsView.swift; sourceTree = "<group>"; };
		E54131E72BE98F0600F6F9EB /* StatsPageView.swift */ = {isa = PBXFileReference; lastKnownFileType = sourcecode.swift; path = StatsPageView.swift; sourceTree = "<group>"; };
		E57094D92BAE4C78003813F4 /* GameOverConfirmView.swift */ = {isa = PBXFileReference; lastKnownFileType = sourcecode.swift; path = GameOverConfirmView.swift; sourceTree = "<group>"; };
		E5B9D06D2C2A08C800FA566D /* all_letters.txt */ = {isa = PBXFileReference; fileEncoding = 4; lastKnownFileType = text; name = all_letters.txt; path = SpeedBee/all_letters.txt; sourceTree = SOURCE_ROOT; };
		E5B9D06F2C2A094B00FA566D /* all_pangrams.txt */ = {isa = PBXFileReference; fileEncoding = 4; lastKnownFileType = text; path = all_pangrams.txt; sourceTree = "<group>"; };
		E5B9D0712C2A0E3E00FA566D /* NoHintsMessage.swift */ = {isa = PBXFileReference; lastKnownFileType = sourcecode.swift; path = NoHintsMessage.swift; sourceTree = "<group>"; };
		E5B9D0732C2A16FC00FA566D /* scrapeArchive.py */ = {isa = PBXFileReference; fileEncoding = 4; lastKnownFileType = text.script.python; path = scrapeArchive.py; sourceTree = "<group>"; };
		E5BD358C2B7D5D6000659541 /* SpeedBee.app */ = {isa = PBXFileReference; explicitFileType = wrapper.application; includeInIndex = 0; path = SpeedBee.app; sourceTree = BUILT_PRODUCTS_DIR; };
		E5BD358F2B7D5D6000659541 /* SpeedBeeApp.swift */ = {isa = PBXFileReference; lastKnownFileType = sourcecode.swift; path = SpeedBeeApp.swift; sourceTree = "<group>"; };
		E5BD35912B7D5D6000659541 /* ContentView.swift */ = {isa = PBXFileReference; lastKnownFileType = sourcecode.swift; path = ContentView.swift; sourceTree = "<group>"; };
		E5BD35932B7D5D6300659541 /* Assets.xcassets */ = {isa = PBXFileReference; lastKnownFileType = folder.assetcatalog; path = Assets.xcassets; sourceTree = "<group>"; };
		E5BD35962B7D5D6300659541 /* Preview Assets.xcassets */ = {isa = PBXFileReference; lastKnownFileType = folder.assetcatalog; path = "Preview Assets.xcassets"; sourceTree = "<group>"; };
		E5BD359F2B7D6A8300659541 /* Statistic.swift */ = {isa = PBXFileReference; lastKnownFileType = sourcecode.swift; path = Statistic.swift; sourceTree = "<group>"; };
		E5BD35A32B7D6ACB00659541 /* SpeedBeeDataModel.swift */ = {isa = PBXFileReference; lastKnownFileType = sourcecode.swift; path = SpeedBeeDataModel.swift; sourceTree = "<group>"; };
		E5BD35A52B7D6B2D00659541 /* HomeView.swift */ = {isa = PBXFileReference; lastKnownFileType = sourcecode.swift; path = HomeView.swift; sourceTree = "<group>"; };
		E5BD35A72B7D6C0300659541 /* OptionsView.swift */ = {isa = PBXFileReference; lastKnownFileType = sourcecode.swift; path = OptionsView.swift; sourceTree = "<group>"; };
		E5BD35A92B7D6C7F00659541 /* HowToPlayView.swift */ = {isa = PBXFileReference; lastKnownFileType = sourcecode.swift; path = HowToPlayView.swift; sourceTree = "<group>"; };
		E5BD35AB2B7D6C8F00659541 /* SettingsView.swift */ = {isa = PBXFileReference; lastKnownFileType = sourcecode.swift; path = SettingsView.swift; sourceTree = "<group>"; };
		E5BD35AD2B7D705C00659541 /* ChooseLevelView.swift */ = {isa = PBXFileReference; lastKnownFileType = sourcecode.swift; path = ChooseLevelView.swift; sourceTree = "<group>"; };
		E5BD35AF2B7D723300659541 /* NavView.swift */ = {isa = PBXFileReference; lastKnownFileType = sourcecode.swift; path = NavView.swift; sourceTree = "<group>"; };
		E5BD35B32B7D725800659541 /* SpellingView.swift */ = {isa = PBXFileReference; lastKnownFileType = sourcecode.swift; path = SpellingView.swift; sourceTree = "<group>"; };
		E5BD35B52B7D7EE600659541 /* StatsPlaqueView.swift */ = {isa = PBXFileReference; lastKnownFileType = sourcecode.swift; path = StatsPlaqueView.swift; sourceTree = "<group>"; };
		E5BD35B72B7D7F8C00659541 /* WordsFoundView.swift */ = {isa = PBXFileReference; lastKnownFileType = sourcecode.swift; path = WordsFoundView.swift; sourceTree = "<group>"; };
		E5BD35B92B7D7FAA00659541 /* TopMenuView.swift */ = {isa = PBXFileReference; lastKnownFileType = sourcecode.swift; path = TopMenuView.swift; sourceTree = "<group>"; };
		E5BD35BB2B7D7FCE00659541 /* TimerHintsView.swift */ = {isa = PBXFileReference; lastKnownFileType = sourcecode.swift; path = TimerHintsView.swift; sourceTree = "<group>"; };
		E5BD35BD2B7D90EE00659541 /* KeyboardView.swift */ = {isa = PBXFileReference; lastKnownFileType = sourcecode.swift; path = KeyboardView.swift; sourceTree = "<group>"; };
		E5BD35BF2B7D936400659541 /* ComplimentView.swift */ = {isa = PBXFileReference; lastKnownFileType = sourcecode.swift; path = ComplimentView.swift; sourceTree = "<group>"; };
		E5E2F49A2B7ED4C100C9F140 /* ErrorMessage.swift */ = {isa = PBXFileReference; lastKnownFileType = sourcecode.swift; path = ErrorMessage.swift; sourceTree = "<group>"; };
		E5E2F49C2B7ED60600C9F140 /* PauseView.swift */ = {isa = PBXFileReference; lastKnownFileType = sourcecode.swift; path = PauseView.swift; sourceTree = "<group>"; };
		E5E2F49E2B7EDF4000C9F140 /* EndgameView.swift */ = {isa = PBXFileReference; lastKnownFileType = sourcecode.swift; path = EndgameView.swift; sourceTree = "<group>"; };
		E5E2F4A02B81537800C9F140 /* Launch Screen.storyboard */ = {isa = PBXFileReference; lastKnownFileType = file.storyboard; name = "Launch Screen.storyboard"; path = "SpeedBee/Launch Screen.storyboard"; sourceTree = SOURCE_ROOT; };
/* End PBXFileReference section */

/* Begin PBXFrameworksBuildPhase section */
		E5BD35892B7D5D6000659541 /* Frameworks */ = {
			isa = PBXFrameworksBuildPhase;
			buildActionMask = 2147483647;
			files = (
			);
			runOnlyForDeploymentPostprocessing = 0;
		};
/* End PBXFrameworksBuildPhase section */

/* Begin PBXGroup section */
		E5BD35832B7D5D6000659541 = {
			isa = PBXGroup;
			children = (
				E5BD358E2B7D5D6000659541 /* SpeedBee */,
				E5BD358D2B7D5D6000659541 /* Products */,
			);
			sourceTree = "<group>";
		};
		E5BD358D2B7D5D6000659541 /* Products */ = {
			isa = PBXGroup;
			children = (
				E5BD358C2B7D5D6000659541 /* SpeedBee.app */,
			);
			name = Products;
			sourceTree = "<group>";
		};
		E5BD358E2B7D5D6000659541 /* SpeedBee */ = {
			isa = PBXGroup;
			children = (
				E5B9D06D2C2A08C800FA566D /* all_letters.txt */,
				E5B9D06F2C2A094B00FA566D /* all_pangrams.txt */,
				E5B9D0732C2A16FC00FA566D /* scrapeArchive.py */,
				E5BD359E2B7D6A7200659541 /* Model */,
				E5BD35A12B7D6AB700659541 /* Views */,
				E5BD358F2B7D5D6000659541 /* SpeedBeeApp.swift */,
				E5BD35912B7D5D6000659541 /* ContentView.swift */,
				E5BD35932B7D5D6300659541 /* Assets.xcassets */,
				E5E2F4A02B81537800C9F140 /* Launch Screen.storyboard */,
				E5BD35952B7D5D6300659541 /* Preview Content */,
			);
			path = SpeedBee;
			sourceTree = "<group>";
		};
		E5BD35952B7D5D6300659541 /* Preview Content */ = {
			isa = PBXGroup;
			children = (
				E5BD35962B7D5D6300659541 /* Preview Assets.xcassets */,
			);
			path = "Preview Content";
			sourceTree = "<group>";
		};
		E5BD359E2B7D6A7200659541 /* Model */ = {
			isa = PBXGroup;
			children = (
				E5BD35A32B7D6ACB00659541 /* SpeedBeeDataModel.swift */,
				E5BD359F2B7D6A8300659541 /* Statistic.swift */,
			);
			path = Model;
			sourceTree = "<group>";
		};
		E5BD35A12B7D6AB700659541 /* Views */ = {
			isa = PBXGroup;
			children = (
				E5BD35A52B7D6B2D00659541 /* HomeView.swift */,
				E5BD35A72B7D6C0300659541 /* OptionsView.swift */,
				E5BD35A92B7D6C7F00659541 /* HowToPlayView.swift */,
				E5BD35AB2B7D6C8F00659541 /* SettingsView.swift */,
				E5BD35AD2B7D705C00659541 /* ChooseLevelView.swift */,
				E5BD35AF2B7D723300659541 /* NavView.swift */,
				E54131E52BE98D1000F6F9EB /* StatsView.swift */,
				E54131E72BE98F0600F6F9EB /* StatsPageView.swift */,
				E5BD35B52B7D7EE600659541 /* StatsPlaqueView.swift */,
				E5BD35B32B7D725800659541 /* SpellingView.swift */,
				E57094D92BAE4C78003813F4 /* GameOverConfirmView.swift */,
				E5E2F49E2B7EDF4000C9F140 /* EndgameView.swift */,
				E5E2F49C2B7ED60600C9F140 /* PauseView.swift */,
				E5BD35BD2B7D90EE00659541 /* KeyboardView.swift */,
				E5BD35B72B7D7F8C00659541 /* WordsFoundView.swift */,
				E5BD35B92B7D7FAA00659541 /* TopMenuView.swift */,
				E5BD35BB2B7D7FCE00659541 /* TimerHintsView.swift */,
				E5BD35BF2B7D936400659541 /* ComplimentView.swift */,
				E5E2F49A2B7ED4C100C9F140 /* ErrorMessage.swift */,
				E5B9D0712C2A0E3E00FA566D /* NoHintsMessage.swift */,
			);
			path = Views;
			sourceTree = "<group>";
		};
/* End PBXGroup section */

/* Begin PBXNativeTarget section */
		E5BD358B2B7D5D6000659541 /* SpeedBee */ = {
			isa = PBXNativeTarget;
			buildConfigurationList = E5BD359A2B7D5D6300659541 /* Build configuration list for PBXNativeTarget "SpeedBee" */;
			buildPhases = (
				E5BD35882B7D5D6000659541 /* Sources */,
				E5BD35892B7D5D6000659541 /* Frameworks */,
				E5BD358A2B7D5D6000659541 /* Resources */,
			);
			buildRules = (
			);
			dependencies = (
			);
			name = SpeedBee;
			productName = SpeedBee;
			productReference = E5BD358C2B7D5D6000659541 /* SpeedBee.app */;
			productType = "com.apple.product-type.application";
		};
/* End PBXNativeTarget section */

/* Begin PBXProject section */
		E5BD35842B7D5D6000659541 /* Project object */ = {
			isa = PBXProject;
			attributes = {
				BuildIndependentTargetsInParallel = 1;
				LastSwiftUpdateCheck = 1520;
				LastUpgradeCheck = 1520;
				TargetAttributes = {
					E5BD358B2B7D5D6000659541 = {
						CreatedOnToolsVersion = 15.2;
					};
				};
			};
			buildConfigurationList = E5BD35872B7D5D6000659541 /* Build configuration list for PBXProject "SpeedBee" */;
			compatibilityVersion = "Xcode 14.0";
			developmentRegion = en;
			hasScannedForEncodings = 0;
			knownRegions = (
				en,
				Base,
			);
			mainGroup = E5BD35832B7D5D6000659541;
			productRefGroup = E5BD358D2B7D5D6000659541 /* Products */;
			projectDirPath = "";
			projectRoot = "";
			targets = (
				E5BD358B2B7D5D6000659541 /* SpeedBee */,
			);
		};
/* End PBXProject section */

/* Begin PBXResourcesBuildPhase section */
		E5BD358A2B7D5D6000659541 /* Resources */ = {
			isa = PBXResourcesBuildPhase;
			buildActionMask = 2147483647;
			files = (
				E5B9D06E2C2A08C900FA566D /* all_letters.txt in Resources */,
				E5B9D0702C2A094B00FA566D /* all_pangrams.txt in Resources */,
				E5B9D0742C2A16FC00FA566D /* scrapeArchive.py in Resources */,
				E5E2F4A12B81537800C9F140 /* Launch Screen.storyboard in Resources */,
				E5BD35972B7D5D6300659541 /* Preview Assets.xcassets in Resources */,
				E5BD35942B7D5D6300659541 /* Assets.xcassets in Resources */,
			);
			runOnlyForDeploymentPostprocessing = 0;
		};
/* End PBXResourcesBuildPhase section */

/* Begin PBXSourcesBuildPhase section */
		E5BD35882B7D5D6000659541 /* Sources */ = {
			isa = PBXSourcesBuildPhase;
			buildActionMask = 2147483647;
			files = (
				E5BD35AE2B7D705C00659541 /* ChooseLevelView.swift in Sources */,
				E5BD35C02B7D936400659541 /* ComplimentView.swift in Sources */,
				E5BD35BC2B7D7FCE00659541 /* TimerHintsView.swift in Sources */,
				E5BD35A02B7D6A8300659541 /* Statistic.swift in Sources */,
				E5BD35AC2B7D6C8F00659541 /* SettingsView.swift in Sources */,
				E5E2F49F2B7EDF4000C9F140 /* EndgameView.swift in Sources */,
				E5BD35922B7D5D6000659541 /* ContentView.swift in Sources */,
				E54131E62BE98D1000F6F9EB /* StatsView.swift in Sources */,
				E5E2F49D2B7ED60600C9F140 /* PauseView.swift in Sources */,
				E5B9D0722C2A0E3E00FA566D /* NoHintsMessage.swift in Sources */,
				E5BD35B62B7D7EE600659541 /* StatsPlaqueView.swift in Sources */,
				E5BD35902B7D5D6000659541 /* SpeedBeeApp.swift in Sources */,
				E5BD35B42B7D725800659541 /* SpellingView.swift in Sources */,
				E54131E82BE98F0600F6F9EB /* StatsPageView.swift in Sources */,
				E5BD35BA2B7D7FAA00659541 /* TopMenuView.swift in Sources */,
				E5BD35AA2B7D6C7F00659541 /* HowToPlayView.swift in Sources */,
				E5BD35A82B7D6C0300659541 /* OptionsView.swift in Sources */,
				E5BD35B82B7D7F8C00659541 /* WordsFoundView.swift in Sources */,
				E5BD35A62B7D6B2D00659541 /* HomeView.swift in Sources */,
				E5BD35BE2B7D90EE00659541 /* KeyboardView.swift in Sources */,
				E5BD35B02B7D723300659541 /* NavView.swift in Sources */,
				E5E2F49B2B7ED4C100C9F140 /* ErrorMessage.swift in Sources */,
				E5BD35A42B7D6ACB00659541 /* SpeedBeeDataModel.swift in Sources */,
				E57094DA2BAE4C79003813F4 /* GameOverConfirmView.swift in Sources */,
			);
			runOnlyForDeploymentPostprocessing = 0;
		};
/* End PBXSourcesBuildPhase section */

/* Begin XCBuildConfiguration section */
		E5BD35982B7D5D6300659541 /* Debug */ = {
			isa = XCBuildConfiguration;
			buildSettings = {
				ALWAYS_SEARCH_USER_PATHS = NO;
				ASSETCATALOG_COMPILER_GENERATE_SWIFT_ASSET_SYMBOL_EXTENSIONS = YES;
				CLANG_ANALYZER_NONNULL = YES;
				CLANG_ANALYZER_NUMBER_OBJECT_CONVERSION = YES_AGGRESSIVE;
				CLANG_CXX_LANGUAGE_STANDARD = "gnu++20";
				CLANG_ENABLE_MODULES = YES;
				CLANG_ENABLE_OBJC_ARC = YES;
				CLANG_ENABLE_OBJC_WEAK = YES;
				CLANG_WARN_BLOCK_CAPTURE_AUTORELEASING = YES;
				CLANG_WARN_BOOL_CONVERSION = YES;
				CLANG_WARN_COMMA = YES;
				CLANG_WARN_CONSTANT_CONVERSION = YES;
				CLANG_WARN_DEPRECATED_OBJC_IMPLEMENTATIONS = YES;
				CLANG_WARN_DIRECT_OBJC_ISA_USAGE = YES_ERROR;
				CLANG_WARN_DOCUMENTATION_COMMENTS = YES;
				CLANG_WARN_EMPTY_BODY = YES;
				CLANG_WARN_ENUM_CONVERSION = YES;
				CLANG_WARN_INFINITE_RECURSION = YES;
				CLANG_WARN_INT_CONVERSION = YES;
				CLANG_WARN_NON_LITERAL_NULL_CONVERSION = YES;
				CLANG_WARN_OBJC_IMPLICIT_RETAIN_SELF = YES;
				CLANG_WARN_OBJC_LITERAL_CONVERSION = YES;
				CLANG_WARN_OBJC_ROOT_CLASS = YES_ERROR;
				CLANG_WARN_QUOTED_INCLUDE_IN_FRAMEWORK_HEADER = YES;
				CLANG_WARN_RANGE_LOOP_ANALYSIS = YES;
				CLANG_WARN_STRICT_PROTOTYPES = YES;
				CLANG_WARN_SUSPICIOUS_MOVE = YES;
				CLANG_WARN_UNGUARDED_AVAILABILITY = YES_AGGRESSIVE;
				CLANG_WARN_UNREACHABLE_CODE = YES;
				CLANG_WARN__DUPLICATE_METHOD_MATCH = YES;
				COPY_PHASE_STRIP = NO;
				DEBUG_INFORMATION_FORMAT = dwarf;
				ENABLE_STRICT_OBJC_MSGSEND = YES;
				ENABLE_TESTABILITY = YES;
				ENABLE_USER_SCRIPT_SANDBOXING = YES;
				GCC_C_LANGUAGE_STANDARD = gnu17;
				GCC_DYNAMIC_NO_PIC = NO;
				GCC_NO_COMMON_BLOCKS = YES;
				GCC_OPTIMIZATION_LEVEL = 0;
				GCC_PREPROCESSOR_DEFINITIONS = (
					"DEBUG=1",
					"$(inherited)",
				);
				GCC_WARN_64_TO_32_BIT_CONVERSION = YES;
				GCC_WARN_ABOUT_RETURN_TYPE = YES_ERROR;
				GCC_WARN_UNDECLARED_SELECTOR = YES;
				GCC_WARN_UNINITIALIZED_AUTOS = YES_AGGRESSIVE;
				GCC_WARN_UNUSED_FUNCTION = YES;
				GCC_WARN_UNUSED_VARIABLE = YES;
				IPHONEOS_DEPLOYMENT_TARGET = 17.2;
				LOCALIZATION_PREFERS_STRING_CATALOGS = YES;
				MTL_ENABLE_DEBUG_INFO = INCLUDE_SOURCE;
				MTL_FAST_MATH = YES;
				ONLY_ACTIVE_ARCH = YES;
				SDKROOT = iphoneos;
				SWIFT_ACTIVE_COMPILATION_CONDITIONS = "DEBUG $(inherited)";
				SWIFT_OPTIMIZATION_LEVEL = "-Onone";
			};
			name = Debug;
		};
		E5BD35992B7D5D6300659541 /* Release */ = {
			isa = XCBuildConfiguration;
			buildSettings = {
				ALWAYS_SEARCH_USER_PATHS = NO;
				ASSETCATALOG_COMPILER_GENERATE_SWIFT_ASSET_SYMBOL_EXTENSIONS = YES;
				CLANG_ANALYZER_NONNULL = YES;
				CLANG_ANALYZER_NUMBER_OBJECT_CONVERSION = YES_AGGRESSIVE;
				CLANG_CXX_LANGUAGE_STANDARD = "gnu++20";
				CLANG_ENABLE_MODULES = YES;
				CLANG_ENABLE_OBJC_ARC = YES;
				CLANG_ENABLE_OBJC_WEAK = YES;
				CLANG_WARN_BLOCK_CAPTURE_AUTORELEASING = YES;
				CLANG_WARN_BOOL_CONVERSION = YES;
				CLANG_WARN_COMMA = YES;
				CLANG_WARN_CONSTANT_CONVERSION = YES;
				CLANG_WARN_DEPRECATED_OBJC_IMPLEMENTATIONS = YES;
				CLANG_WARN_DIRECT_OBJC_ISA_USAGE = YES_ERROR;
				CLANG_WARN_DOCUMENTATION_COMMENTS = YES;
				CLANG_WARN_EMPTY_BODY = YES;
				CLANG_WARN_ENUM_CONVERSION = YES;
				CLANG_WARN_INFINITE_RECURSION = YES;
				CLANG_WARN_INT_CONVERSION = YES;
				CLANG_WARN_NON_LITERAL_NULL_CONVERSION = YES;
				CLANG_WARN_OBJC_IMPLICIT_RETAIN_SELF = YES;
				CLANG_WARN_OBJC_LITERAL_CONVERSION = YES;
				CLANG_WARN_OBJC_ROOT_CLASS = YES_ERROR;
				CLANG_WARN_QUOTED_INCLUDE_IN_FRAMEWORK_HEADER = YES;
				CLANG_WARN_RANGE_LOOP_ANALYSIS = YES;
				CLANG_WARN_STRICT_PROTOTYPES = YES;
				CLANG_WARN_SUSPICIOUS_MOVE = YES;
				CLANG_WARN_UNGUARDED_AVAILABILITY = YES_AGGRESSIVE;
				CLANG_WARN_UNREACHABLE_CODE = YES;
				CLANG_WARN__DUPLICATE_METHOD_MATCH = YES;
				COPY_PHASE_STRIP = NO;
				DEBUG_INFORMATION_FORMAT = "dwarf-with-dsym";
				ENABLE_NS_ASSERTIONS = NO;
				ENABLE_STRICT_OBJC_MSGSEND = YES;
				ENABLE_USER_SCRIPT_SANDBOXING = YES;
				GCC_C_LANGUAGE_STANDARD = gnu17;
				GCC_NO_COMMON_BLOCKS = YES;
				GCC_WARN_64_TO_32_BIT_CONVERSION = YES;
				GCC_WARN_ABOUT_RETURN_TYPE = YES_ERROR;
				GCC_WARN_UNDECLARED_SELECTOR = YES;
				GCC_WARN_UNINITIALIZED_AUTOS = YES_AGGRESSIVE;
				GCC_WARN_UNUSED_FUNCTION = YES;
				GCC_WARN_UNUSED_VARIABLE = YES;
				IPHONEOS_DEPLOYMENT_TARGET = 17.2;
				LOCALIZATION_PREFERS_STRING_CATALOGS = YES;
				MTL_ENABLE_DEBUG_INFO = NO;
				MTL_FAST_MATH = YES;
				SDKROOT = iphoneos;
				SWIFT_COMPILATION_MODE = wholemodule;
				VALIDATE_PRODUCT = YES;
			};
			name = Release;
		};
		E5BD359B2B7D5D6300659541 /* Debug */ = {
			isa = XCBuildConfiguration;
			buildSettings = {
				ASSETCATALOG_COMPILER_APPICON_NAME = AppIcon;
				ASSETCATALOG_COMPILER_GLOBAL_ACCENT_COLOR_NAME = AccentColor;
				CODE_SIGN_STYLE = Automatic;
				CURRENT_PROJECT_VERSION = 1;
				DEVELOPMENT_ASSET_PATHS = "\"SpeedBee/Preview Content\"";
				DEVELOPMENT_TEAM = P4ALVZR99N;
				ENABLE_PREVIEWS = YES;
				GENERATE_INFOPLIST_FILE = YES;
				INFOPLIST_KEY_UIApplicationSceneManifest_Generation = YES;
				INFOPLIST_KEY_UIApplicationSupportsIndirectInputEvents = YES;
				INFOPLIST_KEY_UILaunchScreen_Generation = YES;
				INFOPLIST_KEY_UILaunchStoryboardName = "Launch Screen.storyboard";
				INFOPLIST_KEY_UISupportedInterfaceOrientations_iPad = "UIInterfaceOrientationPortrait UIInterfaceOrientationPortraitUpsideDown UIInterfaceOrientationLandscapeLeft UIInterfaceOrientationLandscapeRight";
				INFOPLIST_KEY_UISupportedInterfaceOrientations_iPhone = "UIInterfaceOrientationPortrait UIInterfaceOrientationLandscapeLeft UIInterfaceOrientationLandscapeRight";
				LD_RUNPATH_SEARCH_PATHS = (
					"$(inherited)",
					"@executable_path/Frameworks",
				);
				MARKETING_VERSION = 1.0;
				PRODUCT_BUNDLE_IDENTIFIER = com.coleabrams.SpeedBee;
				PRODUCT_NAME = "$(TARGET_NAME)";
				SWIFT_EMIT_LOC_STRINGS = YES;
				SWIFT_VERSION = 5.0;
				TARGETED_DEVICE_FAMILY = "1,2";
			};
			name = Debug;
		};
		E5BD359C2B7D5D6300659541 /* Release */ = {
			isa = XCBuildConfiguration;
			buildSettings = {
				ASSETCATALOG_COMPILER_APPICON_NAME = AppIcon;
				ASSETCATALOG_COMPILER_GLOBAL_ACCENT_COLOR_NAME = AccentColor;
				CODE_SIGN_STYLE = Automatic;
				CURRENT_PROJECT_VERSION = 1;
				DEVELOPMENT_ASSET_PATHS = "\"SpeedBee/Preview Content\"";
				DEVELOPMENT_TEAM = P4ALVZR99N;
				ENABLE_PREVIEWS = YES;
				GENERATE_INFOPLIST_FILE = YES;
				INFOPLIST_KEY_UIApplicationSceneManifest_Generation = YES;
				INFOPLIST_KEY_UIApplicationSupportsIndirectInputEvents = YES;
				INFOPLIST_KEY_UILaunchScreen_Generation = YES;
				INFOPLIST_KEY_UILaunchStoryboardName = "Launch Screen.storyboard";
				INFOPLIST_KEY_UISupportedInterfaceOrientations_iPad = "UIInterfaceOrientationPortrait UIInterfaceOrientationPortraitUpsideDown UIInterfaceOrientationLandscapeLeft UIInterfaceOrientationLandscapeRight";
				INFOPLIST_KEY_UISupportedInterfaceOrientations_iPhone = "UIInterfaceOrientationPortrait UIInterfaceOrientationLandscapeLeft UIInterfaceOrientationLandscapeRight";
				LD_RUNPATH_SEARCH_PATHS = (
					"$(inherited)",
					"@executable_path/Frameworks",
				);
				MARKETING_VERSION = 1.0;
				PRODUCT_BUNDLE_IDENTIFIER = com.coleabrams.SpeedBee;
				PRODUCT_NAME = "$(TARGET_NAME)";
				SWIFT_EMIT_LOC_STRINGS = YES;
				SWIFT_VERSION = 5.0;
				TARGETED_DEVICE_FAMILY = "1,2";
			};
			name = Release;
		};
/* End XCBuildConfiguration section */

/* Begin XCConfigurationList section */
		E5BD35872B7D5D6000659541 /* Build configuration list for PBXProject "SpeedBee" */ = {
			isa = XCConfigurationList;
			buildConfigurations = (
				E5BD35982B7D5D6300659541 /* Debug */,
				E5BD35992B7D5D6300659541 /* Release */,
			);
			defaultConfigurationIsVisible = 0;
			defaultConfigurationName = Release;
		};
		E5BD359A2B7D5D6300659541 /* Build configuration list for PBXNativeTarget "SpeedBee" */ = {
			isa = XCConfigurationList;
			buildConfigurations = (
				E5BD359B2B7D5D6300659541 /* Debug */,
				E5BD359C2B7D5D6300659541 /* Release */,
			);
			defaultConfigurationIsVisible = 0;
			defaultConfigurationName = Release;
		};
/* End XCConfigurationList section */
	};
	rootObject = E5BD35842B7D5D6000659541 /* Project object */;
}
